{
  "originHash" : "6c2e48494b2e1ef7ec82a915c314526fd61f27ff794cf2f1e6a3d1236db9d37f",
  "pins" : [
    {
      "identity" : "swift-macro-coding-keys",
      "kind" : "remoteSourceControl",
      "location" : "https://github.com/fizker/swift-macro-coding-keys",
      "state" : {
        "branch" : "main",
        "revision" : "f4637cebdabe1528b478c8cc09757b3caaac3053"
      }
    },
    {
      "identity" : "swift-macro-init",
      "kind" : "remoteSourceControl",
      "location" : "https://github.com/fizker/swift-macro-init.git",
      "state" : {
        "branch" : "main",
        "revision" : "f87f9cb6a2323ef6144d46698a0e4600e504b747"
      }
    },
    {
      "identity" : "swift-syntax",
      "kind" : "remoteSourceControl",
      "location" : "https://github.com/swiftlang/swift-syntax.git",
      "state" : {
        "revision" : "0687f71944021d616d34d922343dcef086855920",
        "version" : "600.0.1"
      }
    }
  ],
  "version" : 3
}
