{
  "originHash" : "5e0e329845573e375787c105e52e62f720b96c6c150119d382b08903318be88f",
  "pins" : [
    {
      "identity" : "swift-form-urlencoded",
      "kind" : "remoteSourceControl",
      "location" : "https://github.com/fizker/swift-form-urlencoded.git",
      "state" : {
        "branch" : "main",
        "revision" : "afe3ce63623224f257f2c8058fc084cd2c038cbf"
      }
    },
    {
      "identity" : "swift-macro-coding-keys",
      "kind" : "remoteSourceControl",
      "location" : "https://github.com/fizker/swift-macro-coding-keys",
      "state" : {
        "branch" : "main",
        "revision" : "f4637cebdabe1528b478c8cc09757b3caaac3053"
      }
    },
    {
      "identity" : "swift-macro-init",
      "kind" : "remoteSourceControl",
      "location" : "https://github.com/fizker/swift-macro-init.git",
      "state" : {
        "branch" : "main",
        "revision" : "f87f9cb6a2323ef6144d46698a0e4600e504b747"
      }
    },
    {
      "identity" : "swift-oauth2-models",
      "kind" : "remoteSourceControl",
      "location" : "https://github.com/fizker/swift-oauth2-models.git",
      "state" : {
        "revision" : "edf3e56ff84d8d087294f6687bf30ac5e1cbe203",
        "version" : "0.4.0"
      }
    },
    {
      "identity" : "swift-syntax",
      "kind" : "remoteSourceControl",
      "location" : "https://github.com/swiftlang/swift-syntax.git",
      "state" : {
        "revision" : "0687f71944021d616d34d922343dcef086855920",
        "version" : "600.0.1"
      }
    }
  ],
  "version" : 3
}
